<?xml version="1.0" encoding="utf-8"?>
<Project ToolsVersion="4.0" xmlns="http://schemas.microsoft.com/developer/msbuild/2003">
  <ItemGroup>
    <ClCompile Include="Application.cpp" />
    <ClCompile Include="Main.cpp" />
    <ClCompile Include="Light.cpp">
      <Filter>Sources\Helpers</Filter>
    </ClCompile>
    <ClCompile Include="Color.cpp">
      <Filter>Sources\Containers</Filter>
    </ClCompile>
    <ClCompile Include="glmath.cpp">
      <Filter>Sources\Containers</Filter>
    </ClCompile>
    <ClCompile Include="ModuleCamera3D.cpp">
      <Filter>Sources\Modules</Filter>
    </ClCompile>
    <ClCompile Include="ModuleInput.cpp">
      <Filter>Sources\Modules</Filter>
    </ClCompile>
    <ClCompile Include="ModuleRenderer3D.cpp">
      <Filter>Sources\Modules</Filter>
    </ClCompile>
    <ClCompile Include="ModuleWindow.cpp">
      <Filter>Sources\Modules</Filter>
    </ClCompile>
    <ClCompile Include="ModuleSceneIntro.cpp">
      <Filter>Sources\Modules\Game</Filter>
    </ClCompile>
    <ClCompile Include="log.cpp">
      <Filter>Sources\Tools</Filter>
    </ClCompile>
    <ClCompile Include="ModuleEngineGUI.cpp">
      <Filter>Sources\Modules</Filter>
    </ClCompile>
    <ClCompile Include="ModulePhysics.cpp">
      <Filter>Sources\Modules</Filter>
    </ClCompile>
    <ClCompile Include="libs\imgui-1.72b\imgui.cpp">
      <Filter>Sources\Tools\ImGui</Filter>
    </ClCompile>
    <ClCompile Include="libs\imgui-1.72b\imgui_demo.cpp">
      <Filter>Sources\Tools\ImGui</Filter>
    </ClCompile>
    <ClCompile Include="libs\imgui-1.72b\imgui_draw.cpp">
      <Filter>Sources\Tools\ImGui</Filter>
    </ClCompile>
    <ClCompile Include="libs\imgui-1.72b\imgui_impl_opengl2.cpp">
      <Filter>Sources\Tools\ImGui</Filter>
    </ClCompile>
    <ClCompile Include="libs\imgui-1.72b\imgui_impl_sdl.cpp">
      <Filter>Sources\Tools\ImGui</Filter>
    </ClCompile>
    <ClCompile Include="libs\imgui-1.72b\imgui_widgets.cpp">
      <Filter>Sources\Tools\ImGui</Filter>
    </ClCompile>
    <ClCompile Include="libs\imgui-1.72b\imgui_impl_opengl3.cpp">
      <Filter>Sources\Tools\ImGui</Filter>
    </ClCompile>
    <ClCompile Include="libs\glew\src\glew.c">
      <Filter>Sources\Tools\ImGui\glew</Filter>
    </ClCompile>
    <ClCompile Include="RNGenerator.cpp">
      <Filter>Sources\Tools</Filter>
    </ClCompile>
    <ClCompile Include="libs\mmgr\mmgr.cpp">
      <Filter>Sources\Tools\mmgr</Filter>
    </ClCompile>
    <ClCompile Include="JsonLoader.cpp">
      <Filter>Sources\Tools</Filter>
    </ClCompile>
    <ClCompile Include="Timer.cpp">
      <Filter>Sources\Tools\Timers</Filter>
    </ClCompile>
    <ClCompile Include="PerfTimer.cpp">
      <Filter>Sources\Tools\Timers</Filter>
    </ClCompile>
  </ItemGroup>
  <ItemGroup>
    <ClInclude Include="Application.h" />
    <ClInclude Include="Globals.h" />
    <ClInclude Include="Light.h">
      <Filter>Sources\Helpers</Filter>
    </ClInclude>
    <ClInclude Include="Color.h">
      <Filter>Sources\Containers</Filter>
    </ClInclude>
    <ClInclude Include="glmath.h">
      <Filter>Sources\Containers</Filter>
    </ClInclude>
    <ClInclude Include="Module.h">
      <Filter>Sources\Modules</Filter>
    </ClInclude>
    <ClInclude Include="ModuleCamera3D.h">
      <Filter>Sources\Modules</Filter>
    </ClInclude>
    <ClInclude Include="ModuleInput.h">
      <Filter>Sources\Modules</Filter>
    </ClInclude>
    <ClInclude Include="ModuleRenderer3D.h">
      <Filter>Sources\Modules</Filter>
    </ClInclude>
    <ClInclude Include="ModuleWindow.h">
      <Filter>Sources\Modules</Filter>
    </ClInclude>
    <ClInclude Include="ModuleSceneIntro.h">
      <Filter>Sources\Modules\Game</Filter>
    </ClInclude>
    <ClInclude Include="p2Defs.h">
      <Filter>Sources\Containers</Filter>
    </ClInclude>
    <ClInclude Include="ModuleEngineGUI.h">
      <Filter>Sources\Modules</Filter>
    </ClInclude>
    <ClInclude Include="ModulePhysics.h">
      <Filter>Sources\Modules</Filter>
    </ClInclude>
    <ClInclude Include="libs\imgui-1.72b\imconfig.h">
      <Filter>Sources\Tools\ImGui</Filter>
    </ClInclude>
    <ClInclude Include="libs\imgui-1.72b\imgui.h">
      <Filter>Sources\Tools\ImGui</Filter>
    </ClInclude>
    <ClInclude Include="libs\imgui-1.72b\imgui_impl_opengl2.h">
      <Filter>Sources\Tools\ImGui</Filter>
    </ClInclude>
    <ClInclude Include="libs\imgui-1.72b\imgui_impl_sdl.h">
      <Filter>Sources\Tools\ImGui</Filter>
    </ClInclude>
    <ClInclude Include="libs\imgui-1.72b\imgui_internal.h">
      <Filter>Sources\Tools\ImGui</Filter>
    </ClInclude>
    <ClInclude Include="libs\imgui-1.72b\imstb_rectpack.h">
      <Filter>Sources\Tools\ImGui</Filter>
    </ClInclude>
    <ClInclude Include="libs\imgui-1.72b\imstb_textedit.h">
      <Filter>Sources\Tools\ImGui</Filter>
    </ClInclude>
    <ClInclude Include="libs\imgui-1.72b\imstb_truetype.h">
      <Filter>Sources\Tools\ImGui</Filter>
    </ClInclude>
    <ClInclude Include="libs\imgui-1.72b\imgui_impl_opengl3.h">
      <Filter>Sources\Tools\ImGui</Filter>
    </ClInclude>
    <ClInclude Include="libs\imgui-1.72b\examples\libs\glfw\include\GLFW\glfw3.h">
      <Filter>Sources\Tools\ImGui</Filter>
    </ClInclude>
    <ClInclude Include="libs\imgui-1.72b\examples\libs\glfw\include\GLFW\glfw3native.h">
      <Filter>Sources\Tools\ImGui</Filter>
    </ClInclude>
    <ClInclude Include="libs\glew\include\GL\glew.h">
      <Filter>Sources\Tools\ImGui\glew</Filter>
    </ClInclude>
    <ClInclude Include="RNGenerator.h">
      <Filter>Sources\Tools</Filter>
    </ClInclude>
    <ClInclude Include="libs\mmgr\mmgr.h">
      <Filter>Sources\Tools\mmgr</Filter>
    </ClInclude>
    <ClInclude Include="libs\mmgr\nommgr.h">
      <Filter>Sources\Tools\mmgr</Filter>
    </ClInclude>
    <ClInclude Include="JsonLoader.h">
      <Filter>Sources\Tools</Filter>
    </ClInclude>
    <ClInclude Include="Timer.h">
      <Filter>Sources\Tools\Timers</Filter>
    </ClInclude>
    <ClInclude Include="PerfTimer.h">
      <Filter>Sources\Tools\Timers</Filter>
    </ClInclude>
  </ItemGroup>
  <ItemGroup>
    <Filter Include="Sources">
      <UniqueIdentifier>{30b028c8-249d-43fa-aa2f-3e49bab3d57d}</UniqueIdentifier>
    </Filter>
    <Filter Include="Sources\Containers">
      <UniqueIdentifier>{b9a42893-a637-46ac-a940-2ac43186c8d3}</UniqueIdentifier>
    </Filter>
    <Filter Include="Sources\Helpers">
      <UniqueIdentifier>{5c11a52d-29e9-4892-bbec-6d763f821995}</UniqueIdentifier>
    </Filter>
    <Filter Include="Sources\Modules">
      <UniqueIdentifier>{2fc1a543-0df1-4422-8cdc-f56daf8c43d4}</UniqueIdentifier>
    </Filter>
    <Filter Include="Sources\Modules\Game">
      <UniqueIdentifier>{1454d1cd-ae22-4d9b-88aa-b36e525382f1}</UniqueIdentifier>
    </Filter>
    <Filter Include="Sources\Tools">
      <UniqueIdentifier>{a93fdf8f-5af4-489e-9abf-802f317db977}</UniqueIdentifier>
    </Filter>
    <Filter Include="Sources\Tools\ImGui">
      <UniqueIdentifier>{5b9ae843-4d6b-4b37-ad4c-7ed445fba370}</UniqueIdentifier>
    </Filter>
    <Filter Include="Sources\Tools\ImGui\glew">
      <UniqueIdentifier>{238f8e61-acd8-478e-8135-657e40efcc66}</UniqueIdentifier>
    </Filter>
    <Filter Include="Sources\Tools\mmgr">
      <UniqueIdentifier>{60846bfd-1b9f-4fc4-ada3-13f0ed061bd1}</UniqueIdentifier>
    </Filter>
    <Filter Include="Sources\Tools\Timers">
      <UniqueIdentifier>{61bea379-fbac-400a-b9cb-23c2a43f70b1}</UniqueIdentifier>
    </Filter>
  </ItemGroup>
</Project>